
Microsoft Visual Studio Solution File, Format Version 12.00
# Visual Studio 2012
Project("{FAE04EC0-301F-11D3-BF4B-00C04F79EFBC}") = "RhinoTetris", "RhinoTetris\RhinoTetris.csproj", "{0350FBE1-D294-4E33-9729-289C6F97542F}"
EndProject
Global
	GlobalSection(SolutionConfigurationPlatforms) = preSolution
		Debug64|Any CPU = Debug64|Any CPU
		Release|Any CPU = Release|Any CPU
	EndGlobalSection
	GlobalSection(ProjectConfigurationPlatforms) = postSolution
		{0350FBE1-D294-4E33-9729-289C6F97542F}.Debug64|Any CPU.ActiveCfg = Debug64|Any CPU
		{0350FBE1-D294-4E33-9729-289C6F97542F}.Debug64|Any CPU.Build.0 = Debug64|Any CPU
		{0350FBE1-D294-4E33-9729-289C6F97542F}.Release|Any CPU.ActiveCfg = Release|Any CPU
		{0350FBE1-D294-4E33-9729-289C6F97542F}.Release|Any CPU.Build.0 = Release|Any CPU
	EndGlobalSection
	GlobalSection(SolutionProperties) = preSolution
		HideSolutionNode = FALSE
	EndGlobalSection
EndGlobal
